// !$*UTF8*$!
{
	archiveVersion = 1;
	classes = {
	};
	objectVersion = 48;
	objects = {

/* Begin PBXBuildFile section */
		568A2D3020AD8233005CA807 /* AppDelegate.swift in Sources */ = {isa = PBXBuildFile; fileRef = 568A2D2F20AD8233005CA807 /* AppDelegate.swift */; };
		568A2D3220AD8233005CA807 /* ViewController.swift in Sources */ = {isa = PBXBuildFile; fileRef = 568A2D3120AD8233005CA807 /* ViewController.swift */; };
		568A2D3520AD8233005CA807 /* Main.storyboard in Resources */ = {isa = PBXBuildFile; fileRef = 568A2D3320AD8233005CA807 /* Main.storyboard */; };
		568A2D3820AD8233005CA807 /* Werkstuk1.xcdatamodeld in Sources */ = {isa = PBXBuildFile; fileRef = 568A2D3620AD8233005CA807 /* Werkstuk1.xcdatamodeld */; };
		568A2D3A20AD8233005CA807 /* Assets.xcassets in Resources */ = {isa = PBXBuildFile; fileRef = 568A2D3920AD8233005CA807 /* Assets.xcassets */; };
		568A2D3D20AD8233005CA807 /* LaunchScreen.storyboard in Resources */ = {isa = PBXBuildFile; fileRef = 568A2D3B20AD8233005CA807 /* LaunchScreen.storyboard */; };
		568A2D4820AD8233005CA807 /* Werkstuk1Tests.swift in Sources */ = {isa = PBXBuildFile; fileRef = 568A2D4720AD8233005CA807 /* Werkstuk1Tests.swift */; };
		568A2D5320AD8233005CA807 /* Werkstuk1UITests.swift in Sources */ = {isa = PBXBuildFile; fileRef = 568A2D5220AD8233005CA807 /* Werkstuk1UITests.swift */; };
/* End PBXBuildFile section */

/* Begin PBXContainerItemProxy section */
		568A2D4420AD8233005CA807 /* PBXContainerItemProxy */ = {
			isa = PBXContainerItemProxy;
			containerPortal = 568A2D2420AD8233005CA807 /* Project object */;
			proxyType = 1;
			remoteGlobalIDString = 568A2D2B20AD8233005CA807;
			remoteInfo = Werkstuk1;
		};
		568A2D4F20AD8233005CA807 /* PBXContainerItemProxy */ = {
			isa = PBXContainerItemProxy;
			containerPortal = 568A2D2420AD8233005CA807 /* Project object */;
			proxyType = 1;
			remoteGlobalIDString = 568A2D2B20AD8233005CA807;
			remoteInfo = Werkstuk1;
		};
/* End PBXContainerItemProxy section */

/* Begin PBXFileReference section */
		568A2D2C20AD8233005CA807 /* Werkstuk1.app */ = {isa = PBXFileReference; explicitFileType = wrapper.application; includeInIndex = 0; path = Werkstuk1.app; sourceTree = BUILT_PRODUCTS_DIR; };
		568A2D2F20AD8233005CA807 /* AppDelegate.swift */ = {isa = PBXFileReference; lastKnownFileType = sourcecode.swift; path = AppDelegate.swift; sourceTree = "<group>"; };
		568A2D3120AD8233005CA807 /* ViewController.swift */ = {isa = PBXFileReference; lastKnownFileType = sourcecode.swift; path = ViewController.swift; sourceTree = "<group>"; };
		568A2D3420AD8233005CA807 /* Base */ = {isa = PBXFileReference; lastKnownFileType = file.storyboard; name = Base; path = Base.lproj/Main.storyboard; sourceTree = "<group>"; };
		568A2D3720AD8233005CA807 /* Werkstuk1.xcdatamodel */ = {isa = PBXFileReference; lastKnownFileType = wrapper.xcdatamodel; path = Werkstuk1.xcdatamodel; sourceTree = "<group>"; };
		568A2D3920AD8233005CA807 /* Assets.xcassets */ = {isa = PBXFileReference; lastKnownFileType = folder.assetcatalog; path = Assets.xcassets; sourceTree = "<group>"; };
		568A2D3C20AD8233005CA807 /* Base */ = {isa = PBXFileReference; lastKnownFileType = file.storyboard; name = Base; path = Base.lproj/LaunchScreen.storyboard; sourceTree = "<group>"; };
		568A2D3E20AD8233005CA807 /* Info.plist */ = {isa = PBXFileReference; lastKnownFileType = text.plist.xml; path = Info.plist; sourceTree = "<group>"; };
		568A2D4320AD8233005CA807 /* Werkstuk1Tests.xctest */ = {isa = PBXFileReference; explicitFileType = wrapper.cfbundle; includeInIndex = 0; path = Werkstuk1Tests.xctest; sourceTree = BUILT_PRODUCTS_DIR; };
		568A2D4720AD8233005CA807 /* Werkstuk1Tests.swift */ = {isa = PBXFileReference; lastKnownFileType = sourcecode.swift; path = Werkstuk1Tests.swift; sourceTree = "<group>"; };
		568A2D4920AD8233005CA807 /* Info.plist */ = {isa = PBXFileReference; lastKnownFileType = text.plist.xml; path = Info.plist; sourceTree = "<group>"; };
		568A2D4E20AD8233005CA807 /* Werkstuk1UITests.xctest */ = {isa = PBXFileReference; explicitFileType = wrapper.cfbundle; includeInIndex = 0; path = Werkstuk1UITests.xctest; sourceTree = BUILT_PRODUCTS_DIR; };
		568A2D5220AD8233005CA807 /* Werkstuk1UITests.swift */ = {isa = PBXFileReference; lastKnownFileType = sourcecode.swift; path = Werkstuk1UITests.swift; sourceTree = "<group>"; };
		568A2D5420AD8233005CA807 /* Info.plist */ = {isa = PBXFileReference; lastKnownFileType = text.plist.xml; path = Info.plist; sourceTree = "<group>"; };
/* End PBXFileReference section */

/* Begin PBXFrameworksBuildPhase section */
		568A2D2920AD8233005CA807 /* Frameworks */ = {
			isa = PBXFrameworksBuildPhase;
			buildActionMask = 2147483647;
			files = (
			);
			runOnlyForDeploymentPostprocessing = 0;
		};
		568A2D4020AD8233005CA807 /* Frameworks */ = {
			isa = PBXFrameworksBuildPhase;
			buildActionMask = 2147483647;
			files = (
			);
			runOnlyForDeploymentPostprocessing = 0;
		};
		568A2D4B20AD8233005CA807 /* Frameworks */ = {
			isa = PBXFrameworksBuildPhase;
			buildActionMask = 2147483647;
			files = (
			);
			runOnlyForDeploymentPostprocessing = 0;
		};
/* End PBXFrameworksBuildPhase section */

/* Begin PBXGroup section */
		568A2D2320AD8233005CA807 = {
			isa = PBXGroup;
			children = (
				568A2D2E20AD8233005CA807 /* Werkstuk1 */,
				568A2D4620AD8233005CA807 /* Werkstuk1Tests */,
				568A2D5120AD8233005CA807 /* Werkstuk1UITests */,
				568A2D2D20AD8233005CA807 /* Products */,
			);
			sourceTree = "<group>";
		};
		568A2D2D20AD8233005CA807 /* Products */ = {
			isa = PBXGroup;
			children = (
				568A2D2C20AD8233005CA807 /* Werkstuk1.app */,
				568A2D4320AD8233005CA807 /* Werkstuk1Tests.xctest */,
				568A2D4E20AD8233005CA807 /* Werkstuk1UITests.xctest */,
			);
			name = Products;
			sourceTree = "<group>";
		};
		568A2D2E20AD8233005CA807 /* Werkstuk1 */ = {
			isa = PBXGroup;
			children = (
				568A2D2F20AD8233005CA807 /* AppDelegate.swift */,
				568A2D3120AD8233005CA807 /* ViewController.swift */,
				568A2D3320AD8233005CA807 /* Main.storyboard */,
				568A2D3920AD8233005CA807 /* Assets.xcassets */,
				568A2D3B20AD8233005CA807 /* LaunchScreen.storyboard */,
				568A2D3E20AD8233005CA807 /* Info.plist */,
				568A2D3620AD8233005CA807 /* Werkstuk1.xcdatamodeld */,
			);
			path = Werkstuk1;
			sourceTree = "<group>";
		};
		568A2D4620AD8233005CA807 /* Werkstuk1Tests */ = {
			isa = PBXGroup;
			children = (
				568A2D4720AD8233005CA807 /* Werkstuk1Tests.swift */,
				568A2D4920AD8233005CA807 /* Info.plist */,
			);
			path = Werkstuk1Tests;
			sourceTree = "<group>";
		};
		568A2D5120AD8233005CA807 /* Werkstuk1UITests */ = {
			isa = PBXGroup;
			children = (
				568A2D5220AD8233005CA807 /* Werkstuk1UITests.swift */,
				568A2D5420AD8233005CA807 /* Info.plist */,
			);
			path = Werkstuk1UITests;
			sourceTree = "<group>";
		};
/* End PBXGroup section */

/* Begin PBXNativeTarget section */
		568A2D2B20AD8233005CA807 /* Werkstuk1 */ = {
			isa = PBXNativeTarget;
			buildConfigurationList = 568A2D5720AD8233005CA807 /* Build configuration list for PBXNativeTarget "Werkstuk1" */;
			buildPhases = (
				568A2D2820AD8233005CA807 /* Sources */,
				568A2D2920AD8233005CA807 /* Frameworks */,
				568A2D2A20AD8233005CA807 /* Resources */,
			);
			buildRules = (
			);
			dependencies = (
			);
			name = Werkstuk1;
			productName = Werkstuk1;
			productReference = 568A2D2C20AD8233005CA807 /* Werkstuk1.app */;
			productType = "com.apple.product-type.application";
		};
		568A2D4220AD8233005CA807 /* Werkstuk1Tests */ = {
			isa = PBXNativeTarget;
			buildConfigurationList = 568A2D5A20AD8233005CA807 /* Build configuration list for PBXNativeTarget "Werkstuk1Tests" */;
			buildPhases = (
				568A2D3F20AD8233005CA807 /* Sources */,
				568A2D4020AD8233005CA807 /* Frameworks */,
				568A2D4120AD8233005CA807 /* Resources */,
			);
			buildRules = (
			);
			dependencies = (
				568A2D4520AD8233005CA807 /* PBXTargetDependency */,
			);
			name = Werkstuk1Tests;
			productName = Werkstuk1Tests;
			productReference = 568A2D4320AD8233005CA807 /* Werkstuk1Tests.xctest */;
			productType = "com.apple.product-type.bundle.unit-test";
		};
		568A2D4D20AD8233005CA807 /* Werkstuk1UITests */ = {
			isa = PBXNativeTarget;
			buildConfigurationList = 568A2D5D20AD8233005CA807 /* Build configuration list for PBXNativeTarget "Werkstuk1UITests" */;
			buildPhases = (
				568A2D4A20AD8233005CA807 /* Sources */,
				568A2D4B20AD8233005CA807 /* Frameworks */,
				568A2D4C20AD8233005CA807 /* Resources */,
			);
			buildRules = (
			);
			dependencies = (
				568A2D5020AD8233005CA807 /* PBXTargetDependency */,
			);
			name = Werkstuk1UITests;
			productName = Werkstuk1UITests;
			productReference = 568A2D4E20AD8233005CA807 /* Werkstuk1UITests.xctest */;
			productType = "com.apple.product-type.bundle.ui-testing";
		};
/* End PBXNativeTarget section */

/* Begin PBXProject section */
		568A2D2420AD8233005CA807 /* Project object */ = {
			isa = PBXProject;
			attributes = {
				LastSwiftUpdateCheck = 0920;
				LastUpgradeCheck = 0920;
				ORGANIZATIONNAME = "WILLEMS Cédric (s)";
				TargetAttributes = {
					568A2D2B20AD8233005CA807 = {
						CreatedOnToolsVersion = 9.2;
						ProvisioningStyle = Automatic;
					};
					568A2D4220AD8233005CA807 = {
						CreatedOnToolsVersion = 9.2;
						ProvisioningStyle = Automatic;
						TestTargetID = 568A2D2B20AD8233005CA807;
					};
					568A2D4D20AD8233005CA807 = {
						CreatedOnToolsVersion = 9.2;
						ProvisioningStyle = Automatic;
						TestTargetID = 568A2D2B20AD8233005CA807;
					};
				};
			};
			buildConfigurationList = 568A2D2720AD8233005CA807 /* Build configuration list for PBXProject "Werkstuk1" */;
			compatibilityVersion = "Xcode 8.0";
			developmentRegion = en;
			hasScannedForEncodings = 0;
			knownRegions = (
				en,
				Base,
			);
			mainGroup = 568A2D2320AD8233005CA807;
			productRefGroup = 568A2D2D20AD8233005CA807 /* Products */;
			projectDirPath = "";
			projectRoot = "";
			targets = (
				568A2D2B20AD8233005CA807 /* Werkstuk1 */,
				568A2D4220AD8233005CA807 /* Werkstuk1Tests */,
				568A2D4D20AD8233005CA807 /* Werkstuk1UITests */,
			);
		};
/* End PBXProject section */

/* Begin PBXResourcesBuildPhase section */
		568A2D2A20AD8233005CA807 /* Resources */ = {
			isa = PBXResourcesBuildPhase;
			buildActionMask = 2147483647;
			files = (
				568A2D3D20AD8233005CA807 /* LaunchScreen.storyboard in Resources */,
				568A2D3A20AD8233005CA807 /* Assets.xcassets in Resources */,
				568A2D3520AD8233005CA807 /* Main.storyboard in Resources */,
			);
			runOnlyForDeploymentPostprocessing = 0;
		};
		568A2D4120AD8233005CA807 /* Resources */ = {
			isa = PBXResourcesBuildPhase;
			buildActionMask = 2147483647;
			files = (
			);
			runOnlyForDeploymentPostprocessing = 0;
		};
		568A2D4C20AD8233005CA807 /* Resources */ = {
			isa = PBXResourcesBuildPhase;
			buildActionMask = 2147483647;
			files = (
			);
			runOnlyForDeploymentPostprocessing = 0;
		};
/* End PBXResourcesBuildPhase section */

/* Begin PBXSourcesBuildPhase section */
		568A2D2820AD8233005CA807 /* Sources */ = {
			isa = PBXSourcesBuildPhase;
			buildActionMask = 2147483647;
			files = (
				568A2D3220AD8233005CA807 /* ViewController.swift in Sources */,
				568A2D3020AD8233005CA807 /* AppDelegate.swift in Sources */,
				568A2D3820AD8233005CA807 /* Werkstuk1.xcdatamodeld in Sources */,
			);
			runOnlyForDeploymentPostprocessing = 0;
		};
		568A2D3F20AD8233005CA807 /* Sources */ = {
			isa = PBXSourcesBuildPhase;
			buildActionMask = 2147483647;
			files = (
				568A2D4820AD8233005CA807 /* Werkstuk1Tests.swift in Sources */,
			);
			runOnlyForDeploymentPostprocessing = 0;
		};
		568A2D4A20AD8233005CA807 /* Sources */ = {
			isa = PBXSourcesBuildPhase;
			buildActionMask = 2147483647;
			files = (
				568A2D5320AD8233005CA807 /* Werkstuk1UITests.swift in Sources */,
			);
			runOnlyForDeploymentPostprocessing = 0;
		};
/* End PBXSourcesBuildPhase section */

/* Begin PBXTargetDependency section */
		568A2D4520AD8233005CA807 /* PBXTargetDependency */ = {
			isa = PBXTargetDependency;
			target = 568A2D2B20AD8233005CA807 /* Werkstuk1 */;
			targetProxy = 568A2D4420AD8233005CA807 /* PBXContainerItemProxy */;
		};
		568A2D5020AD8233005CA807 /* PBXTargetDependency */ = {
			isa = PBXTargetDependency;
			target = 568A2D2B20AD8233005CA807 /* Werkstuk1 */;
			targetProxy = 568A2D4F20AD8233005CA807 /* PBXContainerItemProxy */;
		};
/* End PBXTargetDependency section */

/* Begin PBXVariantGroup section */
		568A2D3320AD8233005CA807 /* Main.storyboard */ = {
			isa = PBXVariantGroup;
			children = (
				568A2D3420AD8233005CA807 /* Base */,
			);
			name = Main.storyboard;
			sourceTree = "<group>";
		};
		568A2D3B20AD8233005CA807 /* LaunchScreen.storyboard */ = {
			isa = PBXVariantGroup;
			children = (
				568A2D3C20AD8233005CA807 /* Base */,
			);
			name = LaunchScreen.storyboard;
			sourceTree = "<group>";
		};
/* End PBXVariantGroup section */

/* Begin XCBuildConfiguration section */
		568A2D5520AD8233005CA807 /* Debug */ = {
			isa = XCBuildConfiguration;
			buildSettings = {
				ALWAYS_SEARCH_USER_PATHS = NO;
				CLANG_ANALYZER_NONNULL = YES;
				CLANG_ANALYZER_NUMBER_OBJECT_CONVERSION = YES_AGGRESSIVE;
				CLANG_CXX_LANGUAGE_STANDARD = "gnu++14";
				CLANG_CXX_LIBRARY = "libc++";
				CLANG_ENABLE_MODULES = YES;
				CLANG_ENABLE_OBJC_ARC = YES;
				CLANG_WARN_BLOCK_CAPTURE_AUTORELEASING = YES;
				CLANG_WARN_BOOL_CONVERSION = YES;
				CLANG_WARN_COMMA = YES;
				CLANG_WARN_CONSTANT_CONVERSION = YES;
				CLANG_WARN_DIRECT_OBJC_ISA_USAGE = YES_ERROR;
				CLANG_WARN_DOCUMENTATION_COMMENTS = YES;
				CLANG_WARN_EMPTY_BODY = YES;
				CLANG_WARN_ENUM_CONVERSION = YES;
				CLANG_WARN_INFINITE_RECURSION = YES;
				CLANG_WARN_INT_CONVERSION = YES;
				CLANG_WARN_NON_LITERAL_NULL_CONVERSION = YES;
				CLANG_WARN_OBJC_LITERAL_CONVERSION = YES;
				CLANG_WARN_OBJC_ROOT_CLASS = YES_ERROR;
				CLANG_WARN_RANGE_LOOP_ANALYSIS = YES;
				CLANG_WARN_STRICT_PROTOTYPES = YES;
				CLANG_WARN_SUSPICIOUS_MOVE = YES;
				CLANG_WARN_UNGUARDED_AVAILABILITY = YES_AGGRESSIVE;
				CLANG_WARN_UNREACHABLE_CODE = YES;
				CLANG_WARN__DUPLICATE_METHOD_MATCH = YES;
				CODE_SIGN_IDENTITY = "iPhone Developer";
				COPY_PHASE_STRIP = NO;
				DEBUG_INFORMATION_FORMAT = dwarf;
				ENABLE_STRICT_OBJC_MSGSEND = YES;
				ENABLE_TESTABILITY = YES;
				GCC_C_LANGUAGE_STANDARD = gnu11;
				GCC_DYNAMIC_NO_PIC = NO;
				GCC_NO_COMMON_BLOCKS = YES;
				GCC_OPTIMIZATION_LEVEL = 0;
				GCC_PREPROCESSOR_DEFINITIONS = (
					"DEBUG=1",
					"$(inherited)",
				);
				GCC_WARN_64_TO_32_BIT_CONVERSION = YES;
				GCC_WARN_ABOUT_RETURN_TYPE = YES_ERROR;
				GCC_WARN_UNDECLARED_SELECTOR = YES;
				GCC_WARN_UNINITIALIZED_AUTOS = YES_AGGRESSIVE;
				GCC_WARN_UNUSED_FUNCTION = YES;
				GCC_WARN_UNUSED_VARIABLE = YES;
				IPHONEOS_DEPLOYMENT_TARGET = 11.2;
				MTL_ENABLE_DEBUG_INFO = YES;
				ONLY_ACTIVE_ARCH = YES;
				SDKROOT = iphoneos;
				SWIFT_ACTIVE_COMPILATION_CONDITIONS = DEBUG;
				SWIFT_OPTIMIZATION_LEVEL = "-Onone";
			};
			name = Debug;
		};
		568A2D5620AD8233005CA807 /* Release */ = {
			isa = XCBuildConfiguration;
			buildSettings = {
				ALWAYS_SEARCH_USER_PATHS = NO;
				CLANG_ANALYZER_NONNULL = YES;
				CLANG_ANALYZER_NUMBER_OBJECT_CONVERSION = YES_AGGRESSIVE;
				CLANG_CXX_LANGUAGE_STANDARD = "gnu++14";
				CLANG_CXX_LIBRARY = "libc++";
				CLANG_ENABLE_MODULES = YES;
				CLANG_ENABLE_OBJC_ARC = YES;
				CLANG_WARN_BLOCK_CAPTURE_AUTORELEASING = YES;
				CLANG_WARN_BOOL_CONVERSION = YES;
				CLANG_WARN_COMMA = YES;
				CLANG_WARN_CONSTANT_CONVERSION = YES;
				CLANG_WARN_DIRECT_OBJC_ISA_USAGE = YES_ERROR;
				CLANG_WARN_DOCUMENTATION_COMMENTS = YES;
				CLANG_WARN_EMPTY_BODY = YES;
				CLANG_WARN_ENUM_CONVERSION = YES;
				CLANG_WARN_INFINITE_RECURSION = YES;
				CLANG_WARN_INT_CONVERSION = YES;
				CLANG_WARN_NON_LITERAL_NULL_CONVERSION = YES;
				CLANG_WARN_OBJC_LITERAL_CONVERSION = YES;
				CLANG_WARN_OBJC_ROOT_CLASS = YES_ERROR;
				CLANG_WARN_RANGE_LOOP_ANALYSIS = YES;
				CLANG_WARN_STRICT_PROTOTYPES = YES;
				CLANG_WARN_SUSPICIOUS_MOVE = YES;
				CLANG_WARN_UNGUARDED_AVAILABILITY = YES_AGGRESSIVE;
				CLANG_WARN_UNREACHABLE_CODE = YES;
				CLANG_WARN__DUPLICATE_METHOD_MATCH = YES;
				CODE_SIGN_IDENTITY = "iPhone Developer";
				COPY_PHASE_STRIP = NO;
				DEBUG_INFORMATION_FORMAT = "dwarf-with-dsym";
				ENABLE_NS_ASSERTIONS = NO;
				ENABLE_STRICT_OBJC_MSGSEND = YES;
				GCC_C_LANGUAGE_STANDARD = gnu11;
				GCC_NO_COMMON_BLOCKS = YES;
				GCC_WARN_64_TO_32_BIT_CONVERSION = YES;
				GCC_WARN_ABOUT_RETURN_TYPE = YES_ERROR;
				GCC_WARN_UNDECLARED_SELECTOR = YES;
				GCC_WARN_UNINITIALIZED_AUTOS = YES_AGGRESSIVE;
				GCC_WARN_UNUSED_FUNCTION = YES;
				GCC_WARN_UNUSED_VARIABLE = YES;
				IPHONEOS_DEPLOYMENT_TARGET = 11.2;
				MTL_ENABLE_DEBUG_INFO = NO;
				SDKROOT = iphoneos;
				SWIFT_OPTIMIZATION_LEVEL = "-Owholemodule";
				VALIDATE_PRODUCT = YES;
			};
			name = Release;
		};
		568A2D5820AD8233005CA807 /* Debug */ = {
			isa = XCBuildConfiguration;
			buildSettings = {
				ASSETCATALOG_COMPILER_APPICON_NAME = AppIcon;
				CODE_SIGN_STYLE = Automatic;
				INFOPLIST_FILE = Werkstuk1/Info.plist;
				LD_RUNPATH_SEARCH_PATHS = "$(inherited) @executable_path/Frameworks";
				PRODUCT_BUNDLE_IDENTIFIER = ehb.Werkstuk1;
				PRODUCT_NAME = "$(TARGET_NAME)";
				SWIFT_VERSION = 4.0;
				TARGETED_DEVICE_FAMILY = "1,2";
			};
			name = Debug;
		};
		568A2D5920AD8233005CA807 /* Release */ = {
			isa = XCBuildConfiguration;
			buildSettings = {
				ASSETCATALOG_COMPILER_APPICON_NAME = AppIcon;
				CODE_SIGN_STYLE = Automatic;
				INFOPLIST_FILE = Werkstuk1/Info.plist;
				LD_RUNPATH_SEARCH_PATHS = "$(inherited) @executable_path/Frameworks";
				PRODUCT_BUNDLE_IDENTIFIER = ehb.Werkstuk1;
				PRODUCT_NAME = "$(TARGET_NAME)";
				SWIFT_VERSION = 4.0;
				TARGETED_DEVICE_FAMILY = "1,2";
			};
			name = Release;
		};
		568A2D5B20AD8233005CA807 /* Debug */ = {
			isa = XCBuildConfiguration;
			buildSettings = {
				ALWAYS_EMBED_SWIFT_STANDARD_LIBRARIES = YES;
				BUNDLE_LOADER = "$(TEST_HOST)";
				CODE_SIGN_STYLE = Automatic;
				INFOPLIST_FILE = Werkstuk1Tests/Info.plist;
				LD_RUNPATH_SEARCH_PATHS = "$(inherited) @executable_path/Frameworks @loader_path/Frameworks";
				PRODUCT_BUNDLE_IDENTIFIER = ehb.Werkstuk1Tests;
				PRODUCT_NAME = "$(TARGET_NAME)";
				SWIFT_VERSION = 4.0;
				TARGETED_DEVICE_FAMILY = "1,2";
				TEST_HOST = "$(BUILT_PRODUCTS_DIR)/Werkstuk1.app/Werkstuk1";
			};
			name = Debug;
		};
		568A2D5C20AD8233005CA807 /* Release */ = {
			isa = XCBuildConfiguration;
			buildSettings = {
				ALWAYS_EMBED_SWIFT_STANDARD_LIBRARIES = YES;
				BUNDLE_LOADER = "$(TEST_HOST)";
				CODE_SIGN_STYLE = Automatic;
				INFOPLIST_FILE = Werkstuk1Tests/Info.plist;
				LD_RUNPATH_SEARCH_PATHS = "$(inherited) @executable_path/Frameworks @loader_path/Frameworks";
				PRODUCT_BUNDLE_IDENTIFIER = ehb.Werkstuk1Tests;
				PRODUCT_NAME = "$(TARGET_NAME)";
				SWIFT_VERSION = 4.0;
				TARGETED_DEVICE_FAMILY = "1,2";
				TEST_HOST = "$(BUILT_PRODUCTS_DIR)/Werkstuk1.app/Werkstuk1";
			};
			name = Release;
		};
		568A2D5E20AD8233005CA807 /* Debug */ = {
			isa = XCBuildConfiguration;
			buildSettings = {
				ALWAYS_EMBED_SWIFT_STANDARD_LIBRARIES = YES;
				CODE_SIGN_STYLE = Automatic;
				INFOPLIST_FILE = Werkstuk1UITests/Info.plist;
				LD_RUNPATH_SEARCH_PATHS = "$(inherited) @executable_path/Frameworks @loader_path/Frameworks";
				PRODUCT_BUNDLE_IDENTIFIER = ehb.Werkstuk1UITests;
				PRODUCT_NAME = "$(TARGET_NAME)";
				SWIFT_VERSION = 4.0;
				TARGETED_DEVICE_FAMILY = "1,2";
				TEST_TARGET_NAME = Werkstuk1;
			};
			name = Debug;
		};
		568A2D5F20AD8233005CA807 /* Release */ = {
			isa = XCBuildConfiguration;
			buildSettings = {
				ALWAYS_EMBED_SWIFT_STANDARD_LIBRARIES = YES;
				CODE_SIGN_STYLE = Automatic;
				INFOPLIST_FILE = Werkstuk1UITests/Info.plist;
				LD_RUNPATH_SEARCH_PATHS = "$(inherited) @executable_path/Frameworks @loader_path/Frameworks";
				PRODUCT_BUNDLE_IDENTIFIER = ehb.Werkstuk1UITests;
				PRODUCT_NAME = "$(TARGET_NAME)";
				SWIFT_VERSION = 4.0;
				TARGETED_DEVICE_FAMILY = "1,2";
				TEST_TARGET_NAME = Werkstuk1;
			};
			name = Release;
		};
/* End XCBuildConfiguration section */

/* Begin XCConfigurationList section */
		568A2D2720AD8233005CA807 /* Build configuration list for PBXProject "Werkstuk1" */ = {
			isa = XCConfigurationList;
			buildConfigurations = (
				568A2D5520AD8233005CA807 /* Debug */,
				568A2D5620AD8233005CA807 /* Release */,
			);
			defaultConfigurationIsVisible = 0;
			defaultConfigurationName = Release;
		};
		568A2D5720AD8233005CA807 /* Build configuration list for PBXNativeTarget "Werkstuk1" */ = {
			isa = XCConfigurationList;
			buildConfigurations = (
				568A2D5820AD8233005CA807 /* Debug */,
				568A2D5920AD8233005CA807 /* Release */,
			);
			defaultConfigurationIsVisible = 0;
			defaultConfigurationName = Release;
		};
		568A2D5A20AD8233005CA807 /* Build configuration list for PBXNativeTarget "Werkstuk1Tests" */ = {
			isa = XCConfigurationList;
			buildConfigurations = (
				568A2D5B20AD8233005CA807 /* Debug */,
				568A2D5C20AD8233005CA807 /* Release */,
			);
			defaultConfigurationIsVisible = 0;
			defaultConfigurationName = Release;
		};
		568A2D5D20AD8233005CA807 /* Build configuration list for PBXNativeTarget "Werkstuk1UITests" */ = {
			isa = XCConfigurationList;
			buildConfigurations = (
				568A2D5E20AD8233005CA807 /* Debug */,
				568A2D5F20AD8233005CA807 /* Release */,
			);
			defaultConfigurationIsVisible = 0;
			defaultConfigurationName = Release;
		};
/* End XCConfigurationList section */

/* Begin XCVersionGroup section */
		568A2D3620AD8233005CA807 /* Werkstuk1.xcdatamodeld */ = {
			isa = XCVersionGroup;
			children = (
				568A2D3720AD8233005CA807 /* Werkstuk1.xcdatamodel */,
			);
			currentVersion = 568A2D3720AD8233005CA807 /* Werkstuk1.xcdatamodel */;
			path = Werkstuk1.xcdatamodeld;
			sourceTree = "<group>";
			versionGroupType = wrapper.xcdatamodel;
		};
/* End XCVersionGroup section */
	};
	rootObject = 568A2D2420AD8233005CA807 /* Project object */;
}
